{
  "name": "mm-nunjucks-cachebust",
  "version": "1.0.0",
  "lockfileVersion": 1,
  "dependencies": {
    "arr-union": {
      "version": "3.1.0",
      "resolved": "https://registry.npmjs.org/arr-union/-/arr-union-3.1.0.tgz",
      "integrity": "sha1-45sJrqne+Gao8gbiiK9jkZuuOcQ="
    },
    "atob": {
      "version": "2.0.3",
      "resolved": "https://registry.npmjs.org/atob/-/atob-2.0.3.tgz",
      "integrity": "sha1-GcenYEc3dEaPILLS0DNyrX1Mv10="
    },
    "base": {
      "version": "0.11.1",
      "resolved": "https://registry.npmjs.org/base/-/base-0.11.1.tgz",
      "integrity": "sha1-s2p/ERE4U6NCoVaR2Y4tzIpswnA=",
      "dependencies": {
        "define-property": {
          "version": "0.2.5",
          "resolved": "https://registry.npmjs.org/define-property/-/define-property-0.2.5.tgz",
          "integrity": "sha1-w1se+RjsPJkPmlvFe+BKrOxcgRY="
        },
        "is-descriptor": {
          "version": "0.1.6",
          "resolved": "https://registry.npmjs.org/is-descriptor/-/is-descriptor-0.1.6.tgz",
          "integrity": "sha512-avDYr0SB3DwO9zsMov0gKCESFYqCnE4hq/4z3TdUlukEy5t9C0YRq7HLrsN52NAcqXKaepeCD0n+B0arnVG3Hg=="
        },
        "kind-of": {
          "version": "5.0.0",
          "resolved": "https://registry.npmjs.org/kind-of/-/kind-of-5.0.0.tgz",
          "integrity": "sha512-3cdQgopAksY6yov9pwjIhZ46ZuQajM25YhFfbCX/tbIJ0ILpqOyz5tImIResGL8uaMSudk6pGzREGBk89T4BfQ=="
        }
      }
    },
    "cache-base": {
      "version": "0.8.5",
      "resolved": "https://registry.npmjs.org/cache-base/-/cache-base-0.8.5.tgz",
      "integrity": "sha1-YM6zUEAh7O7HAR/TOEt/TpVym/o=",
      "dependencies": {
        "isobject": {
          "version": "3.0.1",
          "resolved": "https://registry.npmjs.org/isobject/-/isobject-3.0.1.tgz",
          "integrity": "sha1-TkMekrEalzFjaqH5yNHMvP2reN8="
        }
      }
    },
    "class-utils": {
      "version": "0.3.5",
      "resolved": "https://registry.npmjs.org/class-utils/-/class-utils-0.3.5.tgz",
      "integrity": "sha1-F+eTEDdQ+WJ7IXbqNM/RtWWQPIA=",
      "dependencies": {
        "define-property": {
          "version": "0.2.5",
          "resolved": "https://registry.npmjs.org/define-property/-/define-property-0.2.5.tgz",
          "integrity": "sha1-w1se+RjsPJkPmlvFe+BKrOxcgRY="
        },
        "is-descriptor": {
          "version": "0.1.6",
          "resolved": "https://registry.npmjs.org/is-descriptor/-/is-descriptor-0.1.6.tgz",
          "integrity": "sha512-avDYr0SB3DwO9zsMov0gKCESFYqCnE4hq/4z3TdUlukEy5t9C0YRq7HLrsN52NAcqXKaepeCD0n+B0arnVG3Hg=="
        },
        "isobject": {
          "version": "3.0.1",
          "resolved": "https://registry.npmjs.org/isobject/-/isobject-3.0.1.tgz",
          "integrity": "sha1-TkMekrEalzFjaqH5yNHMvP2reN8="
        },
        "kind-of": {
          "version": "5.0.0",
          "resolved": "https://registry.npmjs.org/kind-of/-/kind-of-5.0.0.tgz",
          "integrity": "sha512-3cdQgopAksY6yov9pwjIhZ46ZuQajM25YhFfbCX/tbIJ0ILpqOyz5tImIResGL8uaMSudk6pGzREGBk89T4BfQ=="
        }
      }
    },
    "collection-visit": {
      "version": "0.2.3",
      "resolved": "https://registry.npmjs.org/collection-visit/-/collection-visit-0.2.3.tgz",
      "integrity": "sha1-L2JIPK7MlfCDuaRUo+6eYTmteVc="
    },
    "component-emitter": {
      "version": "1.2.1",
      "resolved": "https://registry.npmjs.org/component-emitter/-/component-emitter-1.2.1.tgz",
      "integrity": "sha1-E3kY1teCg/ffemt8WmPhQOaUJeY="
    },
    "copy-descriptor": {
      "version": "0.1.1",
      "resolved": "https://registry.npmjs.org/copy-descriptor/-/copy-descriptor-0.1.1.tgz",
      "integrity": "sha1-Z29us8OZl8LuGsOpJP1hJHSPV40="
    },
    "debug": {
      "version": "2.6.8",
      "resolved": "https://registry.npmjs.org/debug/-/debug-2.6.8.tgz",
      "integrity": "sha1-5zFTHKLt4n0YgiJCfaF4IdaP9Pw="
    },
    "define-property": {
      "version": "1.0.0",
      "resolved": "https://registry.npmjs.org/define-property/-/define-property-1.0.0.tgz",
      "integrity": "sha1-dp66rz9KY6rTr56NMEybvnm/sOY="
    },
    "extend-shallow": {
      "version": "2.0.1",
      "resolved": "https://registry.npmjs.org/extend-shallow/-/extend-shallow-2.0.1.tgz",
      "integrity": "sha1-Ua99YUrZqfYQ6huvu5idaxxWiQ8="
    },
    "fragment-cache": {
      "version": "0.2.1",
      "resolved": "https://registry.npmjs.org/fragment-cache/-/fragment-cache-0.2.1.tgz",
      "integrity": "sha1-QpD60n8T6Jvn8zeZxrxaCr//DRk="
    },
    "get-value": {
      "version": "2.0.6",
      "resolved": "https://registry.npmjs.org/get-value/-/get-value-2.0.6.tgz",
      "integrity": "sha1-3BXKHGcjh8p2vTesCjlbogQqLCg="
    },
    "has-value": {
      "version": "0.3.1",
      "resolved": "https://registry.npmjs.org/has-value/-/has-value-0.3.1.tgz",
      "integrity": "sha1-ex9YutpiyoJ+wKIHgCVlSEWZXh8="
    },
    "has-values": {
      "version": "0.1.4",
      "resolved": "https://registry.npmjs.org/has-values/-/has-values-0.1.4.tgz",
      "integrity": "sha1-bWHeldkd/Km5oCCJrThL/49it3E="
    },
    "is-accessor-descriptor": {
      "version": "0.1.6",
      "resolved": "https://registry.npmjs.org/is-accessor-descriptor/-/is-accessor-descriptor-0.1.6.tgz",
      "integrity": "sha1-qeEss66Nh2cn7u84Q/igiXtcmNY="
    },
    "is-buffer": {
      "version": "https://registry.npmjs.org/is-buffer/-/is-buffer-1.1.4.tgz",
      "integrity": "sha1-z8hszV3FpS+oBIkRHGkgxFfi2Ys="
    },
    "is-data-descriptor": {
      "version": "0.1.4",
      "resolved": "https://registry.npmjs.org/is-data-descriptor/-/is-data-descriptor-0.1.4.tgz",
      "integrity": "sha1-C17mSDiOLIYCgueT8YVv7D8wG1Y="
    },
    "is-descriptor": {
      "version": "1.0.1",
      "resolved": "https://registry.npmjs.org/is-descriptor/-/is-descriptor-1.0.1.tgz",
      "integrity": "sha512-G3fFVFTqfaqu7r4YuSBHKBAuOaLz8Sy7ekklUpFEliaLMP1Y2ZjoN9jS62YWCAPQrQpMUQSitRlrzibbuCZjdA==",
      "dependencies": {
        "kind-of": {
          "version": "5.0.0",
          "resolved": "https://registry.npmjs.org/kind-of/-/kind-of-5.0.0.tgz",
          "integrity": "sha512-3cdQgopAksY6yov9pwjIhZ46ZuQajM25YhFfbCX/tbIJ0ILpqOyz5tImIResGL8uaMSudk6pGzREGBk89T4BfQ=="
        }
      }
    },
    "is-extendable": {
      "version": "https://registry.npmjs.org/is-extendable/-/is-extendable-0.1.1.tgz",
      "integrity": "sha1-YrEQ4omkcUGOPsNqYX1HLjAd/Ik="
    },
    "is-odd": {
      "version": "1.0.0",
      "resolved": "https://registry.npmjs.org/is-odd/-/is-odd-1.0.0.tgz",
      "integrity": "sha1-O4qTLrAos3dcObsJ6RdnrM22kIg=",
      "dependencies": {
        "is-number": {
          "version": "3.0.0",
          "resolved": "https://registry.npmjs.org/is-number/-/is-number-3.0.0.tgz",
          "integrity": "sha1-JP1iAaR4LPUFYcgQJ2r8fRLXEZU="
        }
      }
    },
    "is-plain-object": {
      "version": "2.0.4",
      "resolved": "https://registry.npmjs.org/is-plain-object/-/is-plain-object-2.0.4.tgz",
      "integrity": "sha512-h5PpgXkWitc38BBMYawTYMWJHFZJVnBquFE57xFpjB8pJFiF6gZ+bU+WyI/yqXiFR5mdLsgYNaPe8uao6Uv9Og==",
      "dependencies": {
        "isobject": {
          "version": "3.0.1",
          "resolved": "https://registry.npmjs.org/isobject/-/isobject-3.0.1.tgz",
          "integrity": "sha1-TkMekrEalzFjaqH5yNHMvP2reN8="
        }
      }
    },
    "isarray": {
      "version": "https://registry.npmjs.org/isarray/-/isarray-1.0.0.tgz",
      "integrity": "sha1-u5NdSFgsuhaMBoNJV6VKPgcSTxE="
    },
    "isobject": {
      "version": "https://registry.npmjs.org/isobject/-/isobject-2.1.0.tgz",
      "integrity": "sha1-8GVWEJaj8dou9GJy+BXIQNh+DIk="
    },
    "kind-of": {
      "version": "https://registry.npmjs.org/kind-of/-/kind-of-3.1.0.tgz",
      "integrity": "sha1-R11pil5J/15T0U4+cyQp3Iv0z0c="
    },
    "lazy-cache": {
      "version": "2.0.2",
      "resolved": "https://registry.npmjs.org/lazy-cache/-/lazy-cache-2.0.2.tgz",
      "integrity": "sha1-uRkKT5EzVGlIQIWfio9whNiCImQ="
    },
    "map-cache": {
      "version": "0.2.2",
      "resolved": "https://registry.npmjs.org/map-cache/-/map-cache-0.2.2.tgz",
      "integrity": "sha1-wyq9C9ZSXZsFFkW7TyasXcmKDb8="
    },
    "map-visit": {
      "version": "0.1.5",
      "resolved": "https://registry.npmjs.org/map-visit/-/map-visit-0.1.5.tgz",
      "integrity": "sha1-2+Q5J85VJbgN/BVzpE1oxR8mgWs="
    },
    "micromatch": {
      "version": "3.0.4",
      "resolved": "https://registry.npmjs.org/micromatch/-/micromatch-3.0.4.tgz",
      "integrity": "sha1-FUPx0EgTRHrIUgAcX1qTNAF4bR0=",
      "dependencies": {
        "arr-diff": {
          "version": "4.0.0",
          "resolved": "https://registry.npmjs.org/arr-diff/-/arr-diff-4.0.0.tgz",
          "integrity": "sha1-1kYQdP6/7HHn4VI1dhoyml3HxSA="
        },
        "arr-flatten": {
          "version": "1.1.0",
          "resolved": "https://registry.npmjs.org/arr-flatten/-/arr-flatten-1.1.0.tgz",
          "integrity": "sha512-L3hKV5R/p5o81R7O02IGnwpDmkp6E982XhtbuwSe3O4qOtMMMtodicASA1Cny2U+aCXcNpml+m4dPsvsJ3jatg=="
        },
        "array-unique": {
          "version": "0.3.2",
          "resolved": "https://registry.npmjs.org/array-unique/-/array-unique-0.3.2.tgz",
          "integrity": "sha1-qJS3XUvE9s1nnvMkSp/Y9Gri1Cg="
        },
        "braces": {
          "version": "2.2.2",
          "resolved": "https://registry.npmjs.org/braces/-/braces-2.2.2.tgz",
          "integrity": "sha1-JB+GjCsmkNn+vu5afIP7vyXQCxs="
        },
        "expand-brackets": {
          "version": "2.1.4",
          "resolved": "https://registry.npmjs.org/expand-brackets/-/expand-brackets-2.1.4.tgz",
          "integrity": "sha1-t3c14xXOMPa27/D4OwQVGiJEliI=",
          "dependencies": {
            "define-property": {
              "version": "0.2.5",
              "resolved": "https://registry.npmjs.org/define-property/-/define-property-0.2.5.tgz",
              "integrity": "sha1-w1se+RjsPJkPmlvFe+BKrOxcgRY="
            }
          }
        },
        "extglob": {
          "version": "1.1.0",
          "resolved": "https://registry.npmjs.org/extglob/-/extglob-1.1.0.tgz",
          "integrity": "sha1-Bni04s5FwOTlD15er7Gw2rW05CQ=",
          "dependencies": {
            "define-property": {
              "version": "0.2.5",
              "resolved": "https://registry.npmjs.org/define-property/-/define-property-0.2.5.tgz",
              "integrity": "sha1-w1se+RjsPJkPmlvFe+BKrOxcgRY="
            },
            "to-regex": {
              "version": "2.1.0",
              "resolved": "https://registry.npmjs.org/to-regex/-/to-regex-2.1.0.tgz",
              "integrity": "sha1-4606QM/hGVWaBa6kPkyu+sxekB0=",
              "dependencies": {
                "regex-not": {
                  "version": "0.1.2",
                  "resolved": "https://registry.npmjs.org/regex-not/-/regex-not-0.1.2.tgz",
                  "integrity": "sha1-vH8cSUSxGINT0H3uuRK5TgreJds="
                }
              }
            }
          }
        },
        "fill-range": {
          "version": "4.0.0",
          "resolved": "https://registry.npmjs.org/fill-range/-/fill-range-4.0.0.tgz",
          "integrity": "sha1-1USBHUKPmOsGpj3EAtJAPDKMOPc="
        },
        "is-buffer": {
          "version": "1.1.5",
          "resolved": "https://registry.npmjs.org/is-buffer/-/is-buffer-1.1.5.tgz",
          "integrity": "sha1-Hzsm72E7IUuIy8ojzGwB2Hlh7sw="
        },
        "is-descriptor": {
          "version": "0.1.6",
          "resolved": "https://registry.npmjs.org/is-descriptor/-/is-descriptor-0.1.6.tgz",
          "integrity": "sha512-avDYr0SB3DwO9zsMov0gKCESFYqCnE4hq/4z3TdUlukEy5t9C0YRq7HLrsN52NAcqXKaepeCD0n+B0arnVG3Hg==",
          "dependencies": {
            "kind-of": {
              "version": "5.0.0",
              "resolved": "https://registry.npmjs.org/kind-of/-/kind-of-5.0.0.tgz",
              "integrity": "sha512-3cdQgopAksY6yov9pwjIhZ46ZuQajM25YhFfbCX/tbIJ0ILpqOyz5tImIResGL8uaMSudk6pGzREGBk89T4BfQ=="
            }
          }
        },
        "is-number": {
          "version": "3.0.0",
          "resolved": "https://registry.npmjs.org/is-number/-/is-number-3.0.0.tgz",
          "integrity": "sha1-JP1iAaR4LPUFYcgQJ2r8fRLXEZU=",
          "dependencies": {
            "kind-of": {
              "version": "3.2.2",
              "resolved": "https://registry.npmjs.org/kind-of/-/kind-of-3.2.2.tgz",
              "integrity": "sha1-MeohpzS6ubuw8yRm2JOupR5KPGQ="
            }
          }
        },
        "isobject": {
          "version": "3.0.1",
          "resolved": "https://registry.npmjs.org/isobject/-/isobject-3.0.1.tgz",
          "integrity": "sha1-TkMekrEalzFjaqH5yNHMvP2reN8="
        },
        "kind-of": {
          "version": "4.0.0",
          "resolved": "https://registry.npmjs.org/kind-of/-/kind-of-4.0.0.tgz",
          "integrity": "sha1-IIE989cSkosgc3hpGkUGb65y3Vc="
        }
      }
    },
    "mixin-deep": {
      "version": "1.2.0",
      "resolved": "https://registry.npmjs.org/mixin-deep/-/mixin-deep-1.2.0.tgz",
      "integrity": "sha1-0CuMb4ttS49ZgtP9AJxJGYUcP+I=",
      "dependencies": {
        "for-in": {
          "version": "1.0.2",
          "resolved": "https://registry.npmjs.org/for-in/-/for-in-1.0.2.tgz",
          "integrity": "sha1-gQaNKVqBQuwKxybG4iAMMPttXoA="
        }
      }
    },
    "ms": {
      "version": "2.0.0",
      "resolved": "https://registry.npmjs.org/ms/-/ms-2.0.0.tgz",
      "integrity": "sha1-VgiurfwAvmwpAd9fmGF4jeDVl8g="
    },
    "nanomatch": {
      "version": "1.2.0",
      "resolved": "https://registry.npmjs.org/nanomatch/-/nanomatch-1.2.0.tgz",
      "integrity": "sha1-dv2z1K52F+N3GeekBHuECFfAyxw=",
      "dependencies": {
        "arr-diff": {
          "version": "4.0.0",
          "resolved": "https://registry.npmjs.org/arr-diff/-/arr-diff-4.0.0.tgz",
          "integrity": "sha1-1kYQdP6/7HHn4VI1dhoyml3HxSA="
        },
        "array-unique": {
          "version": "0.3.2",
          "resolved": "https://registry.npmjs.org/array-unique/-/array-unique-0.3.2.tgz",
          "integrity": "sha1-qJS3XUvE9s1nnvMkSp/Y9Gri1Cg="
        },
        "is-buffer": {
          "version": "1.1.5",
          "resolved": "https://registry.npmjs.org/is-buffer/-/is-buffer-1.1.5.tgz",
          "integrity": "sha1-Hzsm72E7IUuIy8ojzGwB2Hlh7sw="
        },
        "is-extglob": {
          "version": "2.1.1",
          "resolved": "https://registry.npmjs.org/is-extglob/-/is-extglob-2.1.1.tgz",
          "integrity": "sha1-qIwCU1eR8C7TfHahueqXc8gz+MI="
        },
        "kind-of": {
          "version": "4.0.0",
          "resolved": "https://registry.npmjs.org/kind-of/-/kind-of-4.0.0.tgz",
          "integrity": "sha1-IIE989cSkosgc3hpGkUGb65y3Vc="
        }
      }
    },
    "object-copy": {
      "version": "0.1.0",
      "resolved": "https://registry.npmjs.org/object-copy/-/object-copy-0.1.0.tgz",
      "integrity": "sha1-fn2Fi3gb18mRpBupde04EnVOmYw=",
      "dependencies": {
        "define-property": {
          "version": "0.2.5",
          "resolved": "https://registry.npmjs.org/define-property/-/define-property-0.2.5.tgz",
          "integrity": "sha1-w1se+RjsPJkPmlvFe+BKrOxcgRY="
        },
        "is-descriptor": {
          "version": "0.1.6",
          "resolved": "https://registry.npmjs.org/is-descriptor/-/is-descriptor-0.1.6.tgz",
          "integrity": "sha512-avDYr0SB3DwO9zsMov0gKCESFYqCnE4hq/4z3TdUlukEy5t9C0YRq7HLrsN52NAcqXKaepeCD0n+B0arnVG3Hg==",
          "dependencies": {
            "kind-of": {
              "version": "5.0.0",
              "resolved": "https://registry.npmjs.org/kind-of/-/kind-of-5.0.0.tgz",
              "integrity": "sha512-3cdQgopAksY6yov9pwjIhZ46ZuQajM25YhFfbCX/tbIJ0ILpqOyz5tImIResGL8uaMSudk6pGzREGBk89T4BfQ=="
            }
          }
        }
      }
    },
    "object-visit": {
      "version": "0.3.4",
      "resolved": "https://registry.npmjs.org/object-visit/-/object-visit-0.3.4.tgz",
      "integrity": "sha1-rhXPhvCy/dVRdxY2RIRSxUw9qCk="
    },
    "object.pick": {
      "version": "1.2.0",
      "resolved": "https://registry.npmjs.org/object.pick/-/object.pick-1.2.0.tgz",
      "integrity": "sha1-tTkr7peC2m2ft9avr1OXefEjTCs="
    },
    "pascalcase": {
      "version": "0.1.1",
      "resolved": "https://registry.npmjs.org/pascalcase/-/pascalcase-0.1.1.tgz",
      "integrity": "sha1-s2PlXoAGym/iF4TS2yK9FdeRfxQ="
    },
    "posix-character-classes": {
      "version": "0.1.1",
      "resolved": "https://registry.npmjs.org/posix-character-classes/-/posix-character-classes-0.1.1.tgz",
      "integrity": "sha1-AerA/jta9xoqbAL+q7jB/vfgDqs="
    },
    "regex-not": {
      "version": "1.0.0",
      "resolved": "https://registry.npmjs.org/regex-not/-/regex-not-1.0.0.tgz",
      "integrity": "sha1-Qvg+OXcWIt+CawKvF2Ul1qXxV/k="
    },
    "repeat-element": {
      "version": "https://registry.npmjs.org/repeat-element/-/repeat-element-1.1.2.tgz",
      "integrity": "sha1-7wiaF40Ug7quTZPrmLT55OEdmQo="
    },
    "repeat-string": {
      "version": "https://registry.npmjs.org/repeat-string/-/repeat-string-1.6.1.tgz",
      "integrity": "sha1-jcrkcOHIirwtYA//Sndihtp15jc="
    },
    "resolve-url": {
      "version": "0.2.1",
      "resolved": "https://registry.npmjs.org/resolve-url/-/resolve-url-0.2.1.tgz",
      "integrity": "sha1-LGN/53yJOv0qZj/iGqkIAGjiBSo="
    },
    "set-getter": {
      "version": "0.1.0",
      "resolved": "https://registry.npmjs.org/set-getter/-/set-getter-0.1.0.tgz",
      "integrity": "sha1-12nBgsnVpR9AkUXy+6guXoboA3Y="
    },
    "set-value": {
      "version": "0.4.3",
      "resolved": "https://registry.npmjs.org/set-value/-/set-value-0.4.3.tgz",
      "integrity": "sha1-fbCPnT0i3H945Trzw79GZuzfzPE="
    },
    "snapdragon": {
      "version": "0.8.1",
      "resolved": "https://registry.npmjs.org/snapdragon/-/snapdragon-0.8.1.tgz",
      "integrity": "sha1-4StUh/re0+PeoKyR6UAL91tAE3A=",
      "dependencies": {
        "define-property": {
          "version": "0.2.5",
          "resolved": "https://registry.npmjs.org/define-property/-/define-property-0.2.5.tgz",
          "integrity": "sha1-w1se+RjsPJkPmlvFe+BKrOxcgRY="
        },
        "is-descriptor": {
          "version": "0.1.6",
          "resolved": "https://registry.npmjs.org/is-descriptor/-/is-descriptor-0.1.6.tgz",
          "integrity": "sha512-avDYr0SB3DwO9zsMov0gKCESFYqCnE4hq/4z3TdUlukEy5t9C0YRq7HLrsN52NAcqXKaepeCD0n+B0arnVG3Hg=="
        },
        "kind-of": {
          "version": "5.0.0",
          "resolved": "https://registry.npmjs.org/kind-of/-/kind-of-5.0.0.tgz",
          "integrity": "sha512-3cdQgopAksY6yov9pwjIhZ46ZuQajM25YhFfbCX/tbIJ0ILpqOyz5tImIResGL8uaMSudk6pGzREGBk89T4BfQ=="
        }
      }
    },
    "snapdragon-node": {
      "version": "2.1.1",
      "resolved": "https://registry.npmjs.org/snapdragon-node/-/snapdragon-node-2.1.1.tgz",
      "integrity": "sha512-O27l4xaMYt/RSQ5TR3vpWCAB5Kb/czIcqUFOM/C4fYcLnbZUc1PkjTAMjof2pBWaSTwOUd6qUHcFGVGj7aIwnw==",
      "dependencies": {
        "isobject": {
          "version": "3.0.1",
          "resolved": "https://registry.npmjs.org/isobject/-/isobject-3.0.1.tgz",
          "integrity": "sha1-TkMekrEalzFjaqH5yNHMvP2reN8="
        }
      }
    },
    "snapdragon-util": {
      "version": "3.0.1",
      "resolved": "https://registry.npmjs.org/snapdragon-util/-/snapdragon-util-3.0.1.tgz",
      "integrity": "sha512-mbKkMdQKsjX4BAL4bRYTj21edOf8cN7XHdYUJEe+Zn99hVEYcMvKPct1IqNe7+AZPirn8BCDOQBHQZknqmKlZQ==",
      "dependencies": {
        "is-buffer": {
          "version": "1.1.5",
          "resolved": "https://registry.npmjs.org/is-buffer/-/is-buffer-1.1.5.tgz",
          "integrity": "sha1-Hzsm72E7IUuIy8ojzGwB2Hlh7sw="
        },
        "kind-of": {
          "version": "3.2.2",
          "resolved": "https://registry.npmjs.org/kind-of/-/kind-of-3.2.2.tgz",
          "integrity": "sha1-MeohpzS6ubuw8yRm2JOupR5KPGQ="
        }
      }
    },
    "source-map": {
      "version": "0.5.6",
      "resolved": "https://registry.npmjs.org/source-map/-/source-map-0.5.6.tgz",
      "integrity": "sha1-dc449SvwczxafwwRjYEzSiu19BI="
    },
    "source-map-resolve": {
      "version": "0.5.0",
      "resolved": "https://registry.npmjs.org/source-map-resolve/-/source-map-resolve-0.5.0.tgz",
      "integrity": "sha1-/K0LZLcK+ydpnkJZUMtevNQQvCA="
    },
    "source-map-url": {
      "version": "0.4.0",
      "resolved": "https://registry.npmjs.org/source-map-url/-/source-map-url-0.4.0.tgz",
      "integrity": "sha1-PpNdfd1zYxuXZZlW1VEo6HtQhKM="
    },
    "split-string": {
      "version": "2.1.1",
      "resolved": "https://registry.npmjs.org/split-string/-/split-string-2.1.1.tgz",
      "integrity": "sha1-r0sG2CFWBCZEbDzZMc2mGJQNN9A="
    },
    "static-extend": {
      "version": "0.1.2",
      "resolved": "https://registry.npmjs.org/static-extend/-/static-extend-0.1.2.tgz",
      "integrity": "sha1-YICcOcv/VTNyJv1eC1IPNB8ftcY=",
      "dependencies": {
        "define-property": {
          "version": "0.2.5",
          "resolved": "https://registry.npmjs.org/define-property/-/define-property-0.2.5.tgz",
          "integrity": "sha1-w1se+RjsPJkPmlvFe+BKrOxcgRY="
        },
        "is-descriptor": {
          "version": "0.1.6",
          "resolved": "https://registry.npmjs.org/is-descriptor/-/is-descriptor-0.1.6.tgz",
          "integrity": "sha512-avDYr0SB3DwO9zsMov0gKCESFYqCnE4hq/4z3TdUlukEy5t9C0YRq7HLrsN52NAcqXKaepeCD0n+B0arnVG3Hg=="
        },
        "kind-of": {
          "version": "5.0.0",
          "resolved": "https://registry.npmjs.org/kind-of/-/kind-of-5.0.0.tgz",
          "integrity": "sha512-3cdQgopAksY6yov9pwjIhZ46ZuQajM25YhFfbCX/tbIJ0ILpqOyz5tImIResGL8uaMSudk6pGzREGBk89T4BfQ=="
        }
      }
    },
    "to-object-path": {
      "version": "0.3.0",
      "resolved": "https://registry.npmjs.org/to-object-path/-/to-object-path-0.3.0.tgz",
      "integrity": "sha1-KXWIt7Dn4KwI4E5nL4XB9JmeF68="
    },
    "to-regex": {
      "version": "3.0.1",
      "resolved": "https://registry.npmjs.org/to-regex/-/to-regex-3.0.1.tgz",
      "integrity": "sha1-FTWL7kosg712N3uh3ASdDxiDeq4=",
      "dependencies": {
        "define-property": {
          "version": "0.2.5",
          "resolved": "https://registry.npmjs.org/define-property/-/define-property-0.2.5.tgz",
          "integrity": "sha1-w1se+RjsPJkPmlvFe+BKrOxcgRY="
        },
        "is-descriptor": {
          "version": "0.1.6",
          "resolved": "https://registry.npmjs.org/is-descriptor/-/is-descriptor-0.1.6.tgz",
          "integrity": "sha512-avDYr0SB3DwO9zsMov0gKCESFYqCnE4hq/4z3TdUlukEy5t9C0YRq7HLrsN52NAcqXKaepeCD0n+B0arnVG3Hg=="
        },
        "kind-of": {
          "version": "5.0.0",
          "resolved": "https://registry.npmjs.org/kind-of/-/kind-of-5.0.0.tgz",
          "integrity": "sha512-3cdQgopAksY6yov9pwjIhZ46ZuQajM25YhFfbCX/tbIJ0ILpqOyz5tImIResGL8uaMSudk6pGzREGBk89T4BfQ=="
        }
      }
    },
    "to-regex-range": {
      "version": "2.1.1",
      "resolved": "https://registry.npmjs.org/to-regex-range/-/to-regex-range-2.1.1.tgz",
      "integrity": "sha1-fIDBe53+vlmeJzZ+DU3VWQFB2zg=",
      "dependencies": {
        "is-number": {
          "version": "3.0.0",
          "resolved": "https://registry.npmjs.org/is-number/-/is-number-3.0.0.tgz",
          "integrity": "sha1-JP1iAaR4LPUFYcgQJ2r8fRLXEZU="
        }
      }
    },
    "union-value": {
      "version": "0.2.4",
      "resolved": "https://registry.npmjs.org/union-value/-/union-value-0.2.4.tgz",
      "integrity": "sha1-c3UVJ4ZnkFfns3qmdug0aPwCdPA="
    },
    "unset-value": {
      "version": "0.1.2",
      "resolved": "https://registry.npmjs.org/unset-value/-/unset-value-0.1.2.tgz",
      "integrity": "sha1-UGgQuGfyfCpabpsEgzYx9t5Y0xA=",
      "dependencies": {
        "isobject": {
          "version": "3.0.1",
          "resolved": "https://registry.npmjs.org/isobject/-/isobject-3.0.1.tgz",
          "integrity": "sha1-TkMekrEalzFjaqH5yNHMvP2reN8="
        }
      }
    },
    "urix": {
      "version": "0.1.0",
      "resolved": "https://registry.npmjs.org/urix/-/urix-0.1.0.tgz",
      "integrity": "sha1-2pN/emLiH+wf0Y1Js1wpNQZ6bHI="
    },
    "use": {
      "version": "2.0.2",
      "resolved": "https://registry.npmjs.org/use/-/use-2.0.2.tgz",
      "integrity": "sha1-riig1y+TvyJCKhii43mZMRLeyOg=",
      "dependencies": {
        "define-property": {
          "version": "0.2.5",
          "resolved": "https://registry.npmjs.org/define-property/-/define-property-0.2.5.tgz",
          "integrity": "sha1-w1se+RjsPJkPmlvFe+BKrOxcgRY="
        },
        "is-descriptor": {
          "version": "0.1.6",
          "resolved": "https://registry.npmjs.org/is-descriptor/-/is-descriptor-0.1.6.tgz",
          "integrity": "sha512-avDYr0SB3DwO9zsMov0gKCESFYqCnE4hq/4z3TdUlukEy5t9C0YRq7HLrsN52NAcqXKaepeCD0n+B0arnVG3Hg=="
        },
        "isobject": {
          "version": "3.0.1",
          "resolved": "https://registry.npmjs.org/isobject/-/isobject-3.0.1.tgz",
          "integrity": "sha1-TkMekrEalzFjaqH5yNHMvP2reN8="
        },
        "kind-of": {
          "version": "5.0.0",
          "resolved": "https://registry.npmjs.org/kind-of/-/kind-of-5.0.0.tgz",
          "integrity": "sha512-3cdQgopAksY6yov9pwjIhZ46ZuQajM25YhFfbCX/tbIJ0ILpqOyz5tImIResGL8uaMSudk6pGzREGBk89T4BfQ=="
        }
      }
    }
  }
}
